{
    "version": 3,
    "terraform_version": "0.7.3",
    "serial": 8,
    "lineage": "7eea928d-8c66-4833-b4e8-0a0ed355aa7d",
    "modules": [
        {
            "path": [
                "root"
            ],
            "outputs": {
                "service_elb_ip": {
                    "sensitive": false,
                    "type": "string",
                    "value": "tf-lb-20161112000551616386535g54-145231330.us-east-1.elb.amazonaws.com"
                }
            },
            "resources": {
                "aws_autoscaling_group.ecs": {
                    "type": "aws_autoscaling_group",
                    "depends_on": [
                        "aws_ecs_cluster.libya",
                        "aws_launch_configuration.ecs"
                    ],
                    "primary": {
                        "id": "ECS LIBYA_DEV",
                        "attributes": {
                            "arn": "arn:aws:autoscaling:us-east-1:896538046175:autoScalingGroup:5a34ca71-8991-4e6f-b4a5-cc4b34f30de6:autoScalingGroupName/ECS LIBYA_DEV",
                            "availability_zones.#": "1",
                            "availability_zones.2762590996": "us-east-1d",
                            "default_cooldown": "300",
                            "desired_capacity": "2",
                            "force_delete": "false",
                            "health_check_grace_period": "600",
                            "health_check_type": "EC2",
                            "id": "ECS LIBYA_DEV",
                            "launch_configuration": "ECS LIBYA_DEV",
                            "load_balancers.#": "0",
                            "max_size": "2",
                            "metrics_granularity": "1Minute",
                            "min_size": "2",
                            "name": "ECS LIBYA_DEV",
                            "placement_group": "",
                            "protect_from_scale_in": "false",
                            "tag.#": "1",
                            "tag.1022557925.key": "Name",
                            "tag.1022557925.propagate_at_launch": "true",
                            "tag.1022557925.value": "ECS LIBYA_DEV",
                            "target_group_arns.#": "0",
                            "termination_policies.#": "0",
                            "vpc_zone_identifier.#": "1",
                            "vpc_zone_identifier.3500883870": "subnet-c5fefdb1",
                            "wait_for_capacity_timeout": "10m"
                        },
                        "meta": {},
                        "tainted": false
                    },
                    "deposed": [],
                    "provider": ""
                },
                "aws_ecs_cluster.libya": {
                    "type": "aws_ecs_cluster",
                    "depends_on": [],
                    "primary": {
                        "id": "arn:aws:ecs:us-east-1:896538046175:cluster/LIBYA_DEV",
                        "attributes": {
                            "id": "arn:aws:ecs:us-east-1:896538046175:cluster/LIBYA_DEV",
                            "name": "LIBYA_DEV"
                        },
                        "meta": {},
                        "tainted": false
                    },
                    "deposed": [],
                    "provider": ""
                },
                "aws_ecs_service.libya": {
                    "type": "aws_ecs_service",
                    "depends_on": [
                        "aws_ecs_cluster.libya",
                        "aws_ecs_task_definition.libya",
                        "aws_ecs_task_definition.libya",
                        "aws_elb.libya"
                    ],
                    "primary": {
                        "id": "arn:aws:ecs:us-east-1:896538046175:service/LIBYA_DEV",
                        "attributes": {
                            "cluster": "arn:aws:ecs:us-east-1:896538046175:cluster/LIBYA_DEV",
                            "deployment_maximum_percent": "100",
                            "deployment_minimum_healthy_percent": "0",
                            "desired_count": "2",
                            "iam_role": "arn:aws:iam::896538046175:role/ecs_service_role",
                            "id": "arn:aws:ecs:us-east-1:896538046175:service/LIBYA_DEV",
                            "load_balancer.#": "1",
                            "load_balancer.653828652.container_name": "libya-tile-server",
                            "load_balancer.653828652.container_port": "8777",
                            "load_balancer.653828652.elb_name": "tf-lb-20161112000551616386535g54",
                            "load_balancer.653828652.target_group_arn": "",
                            "name": "LIBYA_DEV",
                            "task_definition": "libya_DEV:2"
                        },
                        "meta": {},
                        "tainted": false
                    },
                    "deposed": [],
                    "provider": ""
                },
                "aws_ecs_task_definition.libya": {
                    "type": "aws_ecs_task_definition",
                    "depends_on": [
                        "data.template_file.ecs_libya_task"
                    ],
                    "primary": {
                        "id": "libya_DEV",
                        "attributes": {
                            "arn": "arn:aws:ecs:us-east-1:896538046175:task-definition/libya_DEV:2",
                            "container_definitions": "c97181681e623e4b7b63dddd33e002d7b8516f2d",
                            "family": "libya_DEV",
                            "id": "libya_DEV",
                            "network_mode": "",
                            "revision": "2",
                            "task_role_arn": ""
                        },
                        "meta": {},
                        "tainted": false
                    },
                    "deposed": [],
                    "provider": ""
                },
                "aws_elb.libya": {
                    "type": "aws_elb",
                    "depends_on": [],
                    "primary": {
                        "id": "tf-lb-20161112000551616386535g54",
                        "attributes": {
                            "access_logs.#": "0",
                            "availability_zones.#": "1",
                            "availability_zones.2762590996": "us-east-1d",
                            "connection_draining": "false",
                            "connection_draining_timeout": "300",
                            "cross_zone_load_balancing": "false",
                            "dns_name": "tf-lb-20161112000551616386535g54-145231330.us-east-1.elb.amazonaws.com",
                            "health_check.#": "1",
                            "health_check.0.healthy_threshold": "10",
                            "health_check.0.interval": "30",
                            "health_check.0.target": "TCP:80",
                            "health_check.0.timeout": "5",
                            "health_check.0.unhealthy_threshold": "2",
                            "id": "tf-lb-20161112000551616386535g54",
                            "idle_timeout": "3600",
                            "instances.#": "0",
                            "internal": "false",
                            "listener.#": "1",
                            "listener.3057123346.instance_port": "80",
                            "listener.3057123346.instance_protocol": "http",
                            "listener.3057123346.lb_port": "80",
                            "listener.3057123346.lb_protocol": "http",
                            "listener.3057123346.ssl_certificate_id": "",
                            "name": "tf-lb-20161112000551616386535g54",
                            "security_groups.#": "1",
                            "security_groups.1868997934": "sg-bc66a8d9",
                            "source_security_group": "896538046175/default",
                            "source_security_group_id": "sg-bc66a8d9",
                            "subnets.#": "1",
                            "subnets.3500883870": "subnet-c5fefdb1",
                            "tags.%": "1",
                            "tags.Name": "LIBYA DEV",
                            "zone_id": "Z35SXDOTRQ7X7K"
                        },
                        "meta": {},
                        "tainted": false
                    },
                    "deposed": [],
                    "provider": ""
                },
                "aws_launch_configuration.ecs": {
                    "type": "aws_launch_configuration",
                    "depends_on": [
                        "aws_ecs_cluster.libya"
                    ],
                    "primary": {
                        "id": "ECS LIBYA_DEV",
                        "attributes": {
                            "associate_public_ip_address": "true",
                            "ebs_block_device.#": "0",
                            "ebs_optimized": "false",
                            "enable_monitoring": "true",
                            "ephemeral_block_device.#": "0",
                            "iam_instance_profile": "arn:aws:iam::896538046175:instance-profile/terraform-wzxkyowirnachcosiqxrriheki",
                            "id": "ECS LIBYA_DEV",
                            "image_id": "ami-6bb2d67c",
                            "instance_type": "m3.large",
                            "key_name": "geotrellis-cluster",
                            "name": "ECS LIBYA_DEV",
                            "root_block_device.#": "0",
                            "security_groups.#": "0",
                            "spot_price": "",
                            "user_data": "b38a2441db3ffa4d1a612b6b12378e89d94eff8e",
                            "vpc_classic_link_id": "",
                            "vpc_classic_link_security_groups.#": "0"
                        },
                        "meta": {},
                        "tainted": false
                    },
                    "deposed": [],
                    "provider": ""
                },
                "data.template_file.ecs_libya_task": {
                    "type": "template_file",
                    "depends_on": [],
                    "primary": {
                        "id": "cf2930e4d96ae779238df9943ad1ba4344238c0c7d362864ee626b2d978b7e92",
                        "attributes": {
                            "id": "cf2930e4d96ae779238df9943ad1ba4344238c0c7d362864ee626b2d978b7e92",
                            "rendered": "[\n    {\n        \"name\": \"libya-tile-server\",\n        \"image\": \"quay.io/lossyrob/geotrellis-libya-weighted-overlay-example\",\n        \"cpu\": 1024,\n        \"memory\": 3072,\n        \"essential\": true,\n        \"portMappings\": [\n            {\n                \"containerPort\": 8777,\n                \"hostPort\": 80\n            }\n        ]\n    }\n]\n",
                            "template": "[\n    {\n        \"name\": \"libya-tile-server\",\n        \"image\": \"${image}\",\n        \"cpu\": 1024,\n        \"memory\": 3072,\n        \"essential\": true,\n        \"portMappings\": [\n            {\n                \"containerPort\": 8777,\n                \"hostPort\": 80\n            }\n        ]\n    }\n]\n",
                            "vars.%": "1",
                            "vars.image": "quay.io/lossyrob/geotrellis-libya-weighted-overlay-example"
                        },
                        "meta": {},
                        "tainted": false
                    },
                    "deposed": [],
                    "provider": ""
                }
            },
            "depends_on": []
        }
    ]
}
